
Microsoft Visual Studio Solution File, Format Version 12.00
# Visual Studio 15
VisualStudioVersion = 15.0.28010.2050
MinimumVisualStudioVersion = 10.0.40219.1
Project("{F14B399A-7131-4C87-9E4B-1186C45EF12D}") = "ReportProject1", "ReportProject1.rptproj", "{0DDB6F8F-1A96-4A33-8D84-69ED5BDD88B4}"
EndProject
Global
	GlobalSection(SolutionConfigurationPlatforms) = preSolution
		Debug|Default = Debug|Default
		DebugLocal|Default = DebugLocal|Default
		Release|Default = Release|Default
	EndGlobalSection
	GlobalSection(ProjectConfigurationPlatforms) = postSolution
		{0DDB6F8F-1A96-4A33-8D84-69ED5BDD88B4}.Debug|Default.ActiveCfg = Debug
		{0DDB6F8F-1A96-4A33-8D84-69ED5BDD88B4}.Debug|Default.Build.0 = Debug
		{0DDB6F8F-1A96-4A33-8D84-69ED5BDD88B4}.Debug|Default.Deploy.0 = Debug
		{0DDB6F8F-1A96-4A33-8D84-69ED5BDD88B4}.DebugLocal|Default.ActiveCfg = DebugLocal
		{0DDB6F8F-1A96-4A33-8D84-69ED5BDD88B4}.DebugLocal|Default.Build.0 = DebugLocal
		{0DDB6F8F-1A96-4A33-8D84-69ED5BDD88B4}.Release|Default.ActiveCfg = Release
		{0DDB6F8F-1A96-4A33-8D84-69ED5BDD88B4}.Release|Default.Build.0 = Release
		{0DDB6F8F-1A96-4A33-8D84-69ED5BDD88B4}.Release|Default.Deploy.0 = Release
	EndGlobalSection
	GlobalSection(SolutionProperties) = preSolution
		HideSolutionNode = FALSE
	EndGlobalSection
	GlobalSection(ExtensibilityGlobals) = postSolution
		SolutionGuid = {1C037F15-6617-44D6-9C5A-54177FE51CD0}
	EndGlobalSection
EndGlobal
